
Microsoft Visual Studio Solution File, Format Version 12.00
# Visual Studio Version 16
VisualStudioVersion = 16.0.31624.102
MinimumVisualStudioVersion = 10.0.40219.1
Project("{FAE04EC0-301F-11D3-BF4B-00C04F79EFBC}") = "MyBudget", "MyBudget\MyBudget.csproj", "{3B00FECE-80C7-493E-9C21-63238D688C19}"
EndProject
Global
	GlobalSection(SolutionConfigurationPlatforms) = preSolution
		Debug|Any CPU = Debug|Any CPU
		Release|Any CPU = Release|Any CPU
	EndGlobalSection
	GlobalSection(ProjectConfigurationPlatforms) = postSolution
		{3B00FECE-80C7-493E-9C21-63238D688C19}.Debug|Any CPU.ActiveCfg = Debug|Any CPU
		{3B00FECE-80C7-493E-9C21-63238D688C19}.Debug|Any CPU.Build.0 = Debug|Any CPU
		{3B00FECE-80C7-493E-9C21-63238D688C19}.Release|Any CPU.ActiveCfg = Release|Any CPU
		{3B00FECE-80C7-493E-9C21-63238D688C19}.Release|Any CPU.Build.0 = Release|Any CPU
	EndGlobalSection
	GlobalSection(SolutionProperties) = preSolution
		HideSolutionNode = FALSE
	EndGlobalSection
	GlobalSection(ExtensibilityGlobals) = postSolution
		SolutionGuid = {529E9C84-AEC0-409C-98A5-1A36DB9A27F6}
	EndGlobalSection
EndGlobal
