
Microsoft Visual Studio Solution File, Format Version 12.00
# Visual Studio Version 16
VisualStudioVersion = 16.0.31624.102
MinimumVisualStudioVersion = 10.0.40219.1
Project("{9A19103F-16F7-4668-BE54-9A1E7A4F7556}") = "MyBudget", "MyBudget\MyBudget.csproj", "{3B00FECE-80C7-493E-9C21-63238D688C19}"
EndProject
Project("{2150E333-8FDC-42A3-9474-1A3956D46DE8}") = "Solution Items", "Solution Items", "{8C830B29-E363-48FC-B7F0-0EF8ED3BB08D}"
	ProjectSection(SolutionItems) = preProject
		.editorconfig = .editorconfig
	EndProjectSection
EndProject
Global
	GlobalSection(SolutionConfigurationPlatforms) = preSolution
		Debug|Any CPU = Debug|Any CPU
		Release|Any CPU = Release|Any CPU
	EndGlobalSection
	GlobalSection(ProjectConfigurationPlatforms) = postSolution
		{3B00FECE-80C7-493E-9C21-63238D688C19}.Debug|Any CPU.ActiveCfg = Debug|Any CPU
		{3B00FECE-80C7-493E-9C21-63238D688C19}.Debug|Any CPU.Build.0 = Debug|Any CPU
		{3B00FECE-80C7-493E-9C21-63238D688C19}.Release|Any CPU.ActiveCfg = Release|Any CPU
		{3B00FECE-80C7-493E-9C21-63238D688C19}.Release|Any CPU.Build.0 = Release|Any CPU
	EndGlobalSection
	GlobalSection(SolutionProperties) = preSolution
		HideSolutionNode = FALSE
	EndGlobalSection
	GlobalSection(ExtensibilityGlobals) = postSolution
		SolutionGuid = {529E9C84-AEC0-409C-98A5-1A36DB9A27F6}
	EndGlobalSection
EndGlobal
